{
    "_meta": {
        "hash": {
            "sha256": "ebf52ce6420f8c08214b5363a78bd3bd22cd5eabb0a0a88c8c2d34f170388f25"
        },
        "pipfile-spec": 6,
        "requires": {},
        "sources": [
            {
                "name": "pypi",
                "url": "https://pypi.python.org/simple",
                "verify_ssl": true
            }
        ]
    },
    "default": {
        "alabaster": {
            "hashes": [
                "sha256:446438bdcca0e05bd45ea2de1668c1d9b032e1a9154c2c259092d77031ddd359",
                "sha256:a661d72d58e6ea8a57f7a86e37d86716863ee5e92788398526d58b26a4e4dc02"
            ],
            "version": "==0.7.12"
        },
        "apipkg": {
            "hashes": [
                "sha256:37228cda29411948b422fae072f57e31d3396d2ee1c9783775980ee9c9990af6",
                "sha256:58587dd4dc3daefad0487f6d9ae32b4542b185e1c36db6993290e7c41ca2b47c"
            ],
            "version": "==1.5"
        },
        "appdirs": {
            "hashes": [
                "sha256:9e5896d1372858f8dd3344faf4e5014d21849c756c8d5701f78f8a103b372d92",
                "sha256:d8b24664561d0d34ddfaec54636d502d7cea6e29c3eaf68f3df6180863e2166e"
            ],
            "version": "==1.4.3"
        },
        "atomicwrites": {
            "hashes": [
                "sha256:03472c30eb2c5d1ba9227e4c2ca66ab8287fbfbbda3888aa93dc2e28fc6811b4",
                "sha256:75a9445bac02d8d058d5e1fe689654ba5a6556a1dfd8ce6ec55a0ed79866cfa6"
            ],
            "version": "==1.3.0"
        },
        "attrs": {
            "hashes": [
                "sha256:08a96c641c3a74e44eb59afb61a24f2cb9f4d7188748e76ba4bb5edfa3cb7d1c",
                "sha256:f7b7ce16570fe9965acd6d30101a28f62fb4a7f9e926b3bbc9b61f8b04247e72"
            ],
            "version": "==19.3.0"
        },
        "babel": {
            "hashes": [
                "sha256:1aac2ae2d0d8ea368fa90906567f5c08463d98ade155c0c4bfedd6a0f7160e38",
                "sha256:d670ea0b10f8b723672d3a6abeb87b565b244da220d76b4dba1b66269ec152d4"
            ],
            "version": "==2.8.0"
        },
        "certifi": {
            "hashes": [
                "sha256:017c25db2a153ce562900032d5bc68e9f191e44e9a0f762f373977de9df1fbb3",
                "sha256:25b64c7da4cd7479594d035c08c2d809eb4aab3a26e5a990ea98cc450c320f1f"
            ],
            "version": "==2019.11.28"
        },
        "chardet": {
            "hashes": [
                "sha256:84ab92ed1c4d4f16916e05906b6b75a6c0fb5db821cc65e70cbd64a3e2a5eaae",
                "sha256:fc323ffcaeaed0e0a02bf4d117757b98aed530d9ed4531e3e15460124c106691"
            ],
            "version": "==3.0.4"
        },
        "coverage": {
            "hashes": [
                "sha256:15cf13a6896048d6d947bf7d222f36e4809ab926894beb748fc9caa14605d9c3",
                "sha256:1daa3eceed220f9fdb80d5ff950dd95112cd27f70d004c7918ca6dfc6c47054c",
                "sha256:1e44a022500d944d42f94df76727ba3fc0a5c0b672c358b61067abb88caee7a0",
                "sha256:25dbf1110d70bab68a74b4b9d74f30e99b177cde3388e07cc7272f2168bd1477",
                "sha256:3230d1003eec018ad4a472d254991e34241e0bbd513e97a29727c7c2f637bd2a",
                "sha256:3dbb72eaeea5763676a1a1efd9b427a048c97c39ed92e13336e726117d0b72bf",
                "sha256:5012d3b8d5a500834783689a5d2292fe06ec75dc86ee1ccdad04b6f5bf231691",
                "sha256:51bc7710b13a2ae0c726f69756cf7ffd4362f4ac36546e243136187cfcc8aa73",
                "sha256:527b4f316e6bf7755082a783726da20671a0cc388b786a64417780b90565b987",
                "sha256:722e4557c8039aad9592c6a4213db75da08c2cd9945320220634f637251c3894",
                "sha256:76e2057e8ffba5472fd28a3a010431fd9e928885ff480cb278877c6e9943cc2e",
                "sha256:77afca04240c40450c331fa796b3eab6f1e15c5ecf8bf2b8bee9706cd5452fef",
                "sha256:7afad9835e7a651d3551eab18cbc0fdb888f0a6136169fbef0662d9cdc9987cf",
                "sha256:9bea19ac2f08672636350f203db89382121c9c2ade85d945953ef3c8cf9d2a68",
                "sha256:a8b8ac7876bc3598e43e2603f772d2353d9931709345ad6c1149009fd1bc81b8",
                "sha256:b0840b45187699affd4c6588286d429cd79a99d509fe3de0f209594669bb0954",
                "sha256:b26aaf69713e5674efbde4d728fb7124e429c9466aeaf5f4a7e9e699b12c9fe2",
                "sha256:b63dd43f455ba878e5e9f80ba4f748c0a2156dde6e0e6e690310e24d6e8caf40",
                "sha256:be18f4ae5a9e46edae3f329de2191747966a34a3d93046dbdf897319923923bc",
                "sha256:c312e57847db2526bc92b9bfa78266bfbaabac3fdcd751df4d062cd4c23e46dc",
                "sha256:c60097190fe9dc2b329a0eb03393e2e0829156a589bd732e70794c0dd804258e",
                "sha256:c62a2143e1313944bf4a5ab34fd3b4be15367a02e9478b0ce800cb510e3bbb9d",
                "sha256:cc1109f54a14d940b8512ee9f1c3975c181bbb200306c6d8b87d93376538782f",
                "sha256:cd60f507c125ac0ad83f05803063bed27e50fa903b9c2cfee3f8a6867ca600fc",
                "sha256:d513cc3db248e566e07a0da99c230aca3556d9b09ed02f420664e2da97eac301",
                "sha256:d649dc0bcace6fcdb446ae02b98798a856593b19b637c1b9af8edadf2b150bea",
                "sha256:d7008a6796095a79544f4da1ee49418901961c97ca9e9d44904205ff7d6aa8cb",
                "sha256:da93027835164b8223e8e5af2cf902a4c80ed93cb0909417234f4a9df3bcd9af",
                "sha256:e69215621707119c6baf99bda014a45b999d37602cb7043d943c76a59b05bf52",
                "sha256:ea9525e0fef2de9208250d6c5aeeee0138921057cd67fcef90fbed49c4d62d37",
                "sha256:fca1669d464f0c9831fd10be2eef6b86f5ebd76c724d1e0706ebdff86bb4adf0"
            ],
            "version": "==5.0.3"
        },
        "coveralls": {
            "hashes": [
                "sha256:ab638e88d38916a6cedbf80a9cd8992d5fa55c77ab755e262e00b36792b7cd6d",
                "sha256:b2388747e2529fa4c669fb1e3e2756e4e07b6ee56c7d9fce05f35ccccc913aa0"
            ],
            "index": "pypi",
            "version": "==1.5.1"
        },
        "dateparser": {
            "hashes": [
                "sha256:940828183c937bcec530753211b70f673c0a9aab831e43273489b310538dff86",
                "sha256:b452ef8b36cd78ae86a50721794bc674aa3994e19b570f7ba92810f4e0a2ae03"
            ],
            "index": "pypi",
            "version": "==0.7.0"
        },
        "distlib": {
            "hashes": [
                "sha256:2e166e231a26b36d6dfe35a48c4464346620f8645ed0ace01ee31822b288de21"
            ],
            "version": "==0.3.0"
        },
        "django": {
            "hashes": [
                "sha256:1226168be1b1c7efd0e66ee79b0e0b58b2caa7ed87717909cd8a57bb13a7079a",
                "sha256:9a4635813e2d498a3c01b10c701fe4a515d76dd290aaa792ccb65ca4ccb6b038"
            ],
            "index": "pypi",
            "version": "==2.2.10"
        },
        "django-cors-headers": {
            "hashes": [
                "sha256:5545009c9b233ea7e70da7dbab7cb1c12afa01279895086f98ec243d7eab46fa",
                "sha256:c4c2ee97139d18541a1be7d96fe337d1694623816d83f53cb7c00da9b94acae1"
            ],
            "index": "pypi",
            "version": "==2.4.0"
        },
        "django-crispy-forms": {
            "hashes": [
                "sha256:5952bab971110d0b86c278132dae0aa095beee8f723e625c3d3fa28888f1675f",
                "sha256:705ededc554ad8736157c666681165fe22ead2dec0d5446d65fc9dd976a5a876"
            ],
            "index": "pypi",
            "version": "==1.7.2"
        },
        "django-extensions": {
            "hashes": [
                "sha256:8317a3fe479b1ba3e3a04ecf33fb8d6ccf09bb18f30eab64e34c40a593741d26",
                "sha256:a76a61566f1c8d96acc7bcf765080b8e91367a25a2c6f8c5bddd574493839180"
            ],
            "index": "pypi",
            "version": "==2.1.4"
        },
        "django-filter": {
            "hashes": [
                "sha256:3dafb7d2810790498895c22a1f31b2375795910680ac9c1432821cbedb1e176d",
                "sha256:a3014de317bef0cd43075a0f08dfa1d319a7ccc5733c3901fb860da70b0dda68"
            ],
            "index": "pypi",
            "version": "==2.1.0"
        },
        "djangoql": {
            "hashes": [
                "sha256:7c488ec4e3362e5389ba3c1169d1ff9a27c4222601f32c6dbf6130ce04330d76"
            ],
            "index": "pypi",
            "version": "==0.12.3"
        },
        "djangorestframework": {
            "hashes": [
                "sha256:79c6efbb2514bc50cf25906d7c0a5cfead714c7af667ff4bd110312cd380ae66",
                "sha256:a4138613b67e3a223be6c97f53b13d759c5b90d2b433bad670b8ebf95402075f"
            ],
            "index": "pypi",
            "version": "==3.9.1"
        },
        "docopt": {
            "hashes": [
                "sha256:49b3a825280bd66b3aa83585ef59c4a8c82f2c8a522dbe754a8bc8d08c85c491"
            ],
            "version": "==0.6.2"
        },
        "docutils": {
            "hashes": [
                "sha256:0c5b78adfbf7762415433f5515cd5c9e762339e23369dbe8000d84a4bf4ab3af",
                "sha256:c2de3a60e9e7d07be26b7f2b00ca0309c207e06c100f9cc2a94931fc75a478fc"
            ],
            "version": "==0.16"
        },
        "execnet": {
            "hashes": [
                "sha256:cacb9df31c9680ec5f95553976c4da484d407e85e41c83cb812aa014f0eddc50",
                "sha256:d4efd397930c46415f62f8a31388d6be4f27a91d7550eb79bc64a756e0056547"
            ],
            "version": "==1.7.1"
        },
        "factory-boy": {
            "hashes": [
                "sha256:6f25cc4761ac109efd503f096e2ad99421b1159f01a29dbb917359dcd68e08ca",
                "sha256:d552cb872b310ae78bd7429bf318e42e1e903b1a109e899a523293dfa762ea4f"
            ],
            "index": "pypi",
            "version": "==2.11.1"
        },
        "faker": {
            "hashes": [
                "sha256:047d4d1791bfb3756264da670d99df13d799bb36e7d88774b1585a82d05dbaec",
                "sha256:1b1a58961683b30c574520d0c739c4443e0ef6a185c04382e8cc888273dbebed"
            ],
            "version": "==4.0.0"
        },
        "filelock": {
            "hashes": [
                "sha256:18d82244ee114f543149c66a6e0c14e9c4f8a1044b5cdaadd0f82159d6a6ff59",
                "sha256:929b7d63ec5b7d6b71b0fa5ac14e030b3f70b75747cef1b10da9b879fef15836"
            ],
            "version": "==3.0.12"
        },
        "filemagic": {
            "hashes": [
                "sha256:e684359ef40820fe406f0ebc5bf8a78f89717bdb7fed688af68082d991d6dbf3"
            ],
            "index": "pypi",
            "version": "==1.6"
        },
        "fuzzywuzzy": {
            "extras": [
                "speedup"
            ],
            "hashes": [
                "sha256:3759bc6859daa0eecef8c82b45404bdac20c23f23136cf4c18b46b426bbc418f",
                "sha256:5b36957ccf836e700f4468324fa80ba208990385392e217be077d5cd738ae602"
            ],
            "index": "pypi",
            "version": "==0.15.0"
        },
        "gunicorn": {
            "hashes": [
                "sha256:aa8e0b40b4157b36a5df5e599f45c9c76d6af43845ba3b3b0efe2c70473c2471",
                "sha256:fa2662097c66f920f53f70621c6c58ca4a3c4d3434205e608e121b5b3b71f4f3"
            ],
            "index": "pypi",
            "version": "==19.9.0"
        },
        "idna": {
            "hashes": [
                "sha256:c357b3f628cf53ae2c4c05627ecc484553142ca23264e593d327bcde5e9c3407",
                "sha256:ea8b7f6188e6fa117537c3df7da9fc686d485087abf6ac197f9c46432f7e4a3c"
            ],
            "version": "==2.8"
        },
        "imagesize": {
            "hashes": [
                "sha256:6965f19a6a2039c7d48bca7dba2473069ff854c36ae6f19d2cde309d998228a1",
                "sha256:b1f6b5a4eab1f73479a50fb79fcf729514a900c341d8503d62a62dbc4127a2b1"
            ],
            "version": "==1.2.0"
        },
        "inotify-simple": {
            "hashes": [
                "sha256:fc2c10dd73278a1027d0663f2db51240af5946390f363a154361406ebdddd8dd"
            ],
            "index": "pypi",
            "version": "==1.1.8"
        },
        "jinja2": {
            "hashes": [
                "sha256:93187ffbc7808079673ef52771baa950426fd664d3aad1d0fa3e95644360e250",
                "sha256:b0eaf100007721b5c16c1fc1eecb87409464edc10469ddc9a22a27a99123be49"
            ],
            "version": "==2.11.1"
        },
        "langdetect": {
            "hashes": [
                "sha256:91a170d5f0ade380db809b3ba67f08e95fe6c6c8641f96d67a51ff7e98a9bf30"
            ],
            "index": "pypi",
            "version": "==1.0.7"
        },
        "markupsafe": {
            "hashes": [
                "sha256:00bc623926325b26bb9605ae9eae8a215691f33cae5df11ca5424f06f2d1f473",
                "sha256:09027a7803a62ca78792ad89403b1b7a73a01c8cb65909cd876f7fcebd79b161",
                "sha256:09c4b7f37d6c648cb13f9230d847adf22f8171b1ccc4d5682398e77f40309235",
                "sha256:1027c282dad077d0bae18be6794e6b6b8c91d58ed8a8d89a89d59693b9131db5",
                "sha256:13d3144e1e340870b25e7b10b98d779608c02016d5184cfb9927a9f10c689f42",
                "sha256:24982cc2533820871eba85ba648cd53d8623687ff11cbb805be4ff7b4c971aff",
                "sha256:29872e92839765e546828bb7754a68c418d927cd064fd4708fab9fe9c8bb116b",
                "sha256:43a55c2930bbc139570ac2452adf3d70cdbb3cfe5912c71cdce1c2c6bbd9c5d1",
                "sha256:46c99d2de99945ec5cb54f23c8cd5689f6d7177305ebff350a58ce5f8de1669e",
                "sha256:500d4957e52ddc3351cabf489e79c91c17f6e0899158447047588650b5e69183",
                "sha256:535f6fc4d397c1563d08b88e485c3496cf5784e927af890fb3c3aac7f933ec66",
                "sha256:596510de112c685489095da617b5bcbbac7dd6384aeebeda4df6025d0256a81b",
                "sha256:62fe6c95e3ec8a7fad637b7f3d372c15ec1caa01ab47926cfdf7a75b40e0eac1",
                "sha256:6788b695d50a51edb699cb55e35487e430fa21f1ed838122d722e0ff0ac5ba15",
                "sha256:6dd73240d2af64df90aa7c4e7481e23825ea70af4b4922f8ede5b9e35f78a3b1",
                "sha256:717ba8fe3ae9cc0006d7c451f0bb265ee07739daf76355d06366154ee68d221e",
                "sha256:79855e1c5b8da654cf486b830bd42c06e8780cea587384cf6545b7d9ac013a0b",
                "sha256:7c1699dfe0cf8ff607dbdcc1e9b9af1755371f92a68f706051cc8c37d447c905",
                "sha256:88e5fcfb52ee7b911e8bb6d6aa2fd21fbecc674eadd44118a9cc3863f938e735",
                "sha256:8defac2f2ccd6805ebf65f5eeb132adcf2ab57aa11fdf4c0dd5169a004710e7d",
                "sha256:98c7086708b163d425c67c7a91bad6e466bb99d797aa64f965e9d25c12111a5e",
                "sha256:9add70b36c5666a2ed02b43b335fe19002ee5235efd4b8a89bfcf9005bebac0d",
                "sha256:9bf40443012702a1d2070043cb6291650a0841ece432556f784f004937f0f32c",
                "sha256:ade5e387d2ad0d7ebf59146cc00c8044acbd863725f887353a10df825fc8ae21",
                "sha256:b00c1de48212e4cc9603895652c5c410df699856a2853135b3967591e4beebc2",
                "sha256:b1282f8c00509d99fef04d8ba936b156d419be841854fe901d8ae224c59f0be5",
                "sha256:b2051432115498d3562c084a49bba65d97cf251f5a331c64a12ee7e04dacc51b",
                "sha256:ba59edeaa2fc6114428f1637ffff42da1e311e29382d81b339c1817d37ec93c6",
                "sha256:c8716a48d94b06bb3b2524c2b77e055fb313aeb4ea620c8dd03a105574ba704f",
                "sha256:cd5df75523866410809ca100dc9681e301e3c27567cf498077e8551b6d20e42f",
                "sha256:cdb132fc825c38e1aeec2c8aa9338310d29d337bebbd7baa06889d09a60a1fa2",
                "sha256:e249096428b3ae81b08327a63a485ad0878de3fb939049038579ac0ef61e17e7",
                "sha256:e8313f01ba26fbbe36c7be1966a7b7424942f670f38e666995b88d012765b9be"
            ],
            "version": "==1.1.1"
        },
        "more-itertools": {
            "hashes": [
                "sha256:5dd8bcf33e5f9513ffa06d5ad33d78f31e1931ac9a18f33d37e77a180d393a7c",
                "sha256:b1ddb932186d8a6ac451e1d95844b382f55e12686d51ca0c68b6f61f2ab7a507"
            ],
            "version": "==8.2.0"
        },
        "packaging": {
            "hashes": [
                "sha256:170748228214b70b672c581a3dd610ee51f733018650740e98c7df862a583f73",
                "sha256:e665345f9eef0c621aa0bf2f8d78cf6d21904eef16a93f020240b704a57f1334"
            ],
            "version": "==20.1"
        },
        "pdftotext": {
            "hashes": [
                "sha256:e3ad11efe0aa22cbfc46aa1296b2ea5a52ad208b778288311f2801adef178ccb"
            ],
            "index": "pypi",
            "version": "==2.1.1"
        },
        "pillow": {
            "hashes": [
                "sha256:051de330a06c99d6f84bcf582960487835bcae3fc99365185dc2d4f65a390c0e",
                "sha256:0ae5289948c5e0a16574750021bd8be921c27d4e3527800dc9c2c1d2abc81bf7",
                "sha256:0b1efce03619cdbf8bcc61cfae81fcda59249a469f31c6735ea59badd4a6f58a",
                "sha256:163136e09bd1d6c6c6026b0a662976e86c58b932b964f255ff384ecc8c3cefa3",
                "sha256:18e912a6ccddf28defa196bd2021fe33600cbe5da1aa2f2e2c6df15f720b73d1",
                "sha256:24ec3dea52339a610d34401d2d53d0fb3c7fd08e34b20c95d2ad3973193591f1",
                "sha256:267f8e4c0a1d7e36e97c6a604f5b03ef58e2b81c1becb4fccecddcb37e063cc7",
                "sha256:3273a28734175feebbe4d0a4cde04d4ed20f620b9b506d26f44379d3c72304e1",
                "sha256:4c678e23006798fc8b6f4cef2eaad267d53ff4c1779bd1af8725cc11b72a63f3",
                "sha256:4d4bc2e6bb6861103ea4655d6b6f67af8e5336e7216e20fff3e18ffa95d7a055",
                "sha256:505738076350a337c1740a31646e1de09a164c62c07db3b996abdc0f9d2e50cf",
                "sha256:5233664eadfa342c639b9b9977190d64ad7aca4edc51a966394d7e08e7f38a9f",
                "sha256:5d95cb9f6cced2628f3e4de7e795e98b2659dfcc7176ab4a01a8b48c2c2f488f",
                "sha256:7eda4c737637af74bac4b23aa82ea6fbb19002552be85f0b89bc27e3a762d239",
                "sha256:801ddaa69659b36abf4694fed5aa9f61d1ecf2daaa6c92541bbbbb775d97b9fe",
                "sha256:825aa6d222ce2c2b90d34a0ea31914e141a85edefc07e17342f1d2fdf121c07c",
                "sha256:9c215442ff8249d41ff58700e91ef61d74f47dfd431a50253e1a1ca9436b0697",
                "sha256:a3d90022f2202bbb14da991f26ca7a30b7e4c62bf0f8bf9825603b22d7e87494",
                "sha256:a631fd36a9823638fe700d9225f9698fb59d049c942d322d4c09544dc2115356",
                "sha256:a6523a23a205be0fe664b6b8747a5c86d55da960d9586db039eec9f5c269c0e6",
                "sha256:a756ecf9f4b9b3ed49a680a649af45a8767ad038de39e6c030919c2f443eb000",
                "sha256:b117287a5bdc81f1bac891187275ec7e829e961b8032c9e5ff38b70fd036c78f",
                "sha256:ba04f57d1715ca5ff74bb7f8a818bf929a204b3b3c2c2826d1e1cc3b1c13398c",
                "sha256:cd878195166723f30865e05d87cbaf9421614501a4bd48792c5ed28f90fd36ca",
                "sha256:cee815cc62d136e96cf76771b9d3eb58e0777ec18ea50de5cfcede8a7c429aa8",
                "sha256:d1722b7aa4b40cf93ac3c80d3edd48bf93b9208241d166a14ad8e7a20ee1d4f3",
                "sha256:d7c1c06246b05529f9984435fc4fa5a545ea26606e7f450bdbe00c153f5aeaad",
                "sha256:e9c8066249c040efdda84793a2a669076f92a301ceabe69202446abb4c5c5ef9",
                "sha256:f227d7e574d050ff3996049e086e1f18c7bd2d067ef24131e50a1d3fe5831fbc",
                "sha256:fc9a12aad714af36cf3ad0275a96a733526571e52710319855628f476dcb144e"
            ],
            "index": "pypi",
            "version": "==5.4.1"
        },
        "pluggy": {
            "hashes": [
                "sha256:15b2acde666561e1298d71b523007ed7364de07029219b604cf808bfa1c765b0",
                "sha256:966c145cd83c96502c3c3868f50408687b38434af77734af1e9ca461a4081d2d"
            ],
            "version": "==0.13.1"
        },
        "ply": {
            "hashes": [
                "sha256:00c7c1aaa88358b9c765b6d3000c6eec0ba42abca5351b095321aef446081da3",
                "sha256:096f9b8350b65ebd2fd1346b12452efe5b9607f7482813ffca50c22722a807ce"
            ],
            "version": "==3.11"
        },
        "psycopg2": {
            "hashes": [
                "sha256:02445ebbb3a11a3fe8202c413d5e6faf38bb75b4e336203ee144ca2c46529f94",
                "sha256:0e9873e60f98f0c52339abf8f0339d1e22bfe5aae0bcf7aabd40c055175035ec",
                "sha256:1148a5eb29073280bf9057c7fc45468592c1bb75a28f6df1591adb93c8cb63d0",
                "sha256:259a8324e109d4922b0fcd046e223e289830e2568d6f4132a3702439e5fd532b",
                "sha256:28dffa9ed4595429e61bacac41d3f9671bb613d1442ff43bcbec63d4f73ed5e8",
                "sha256:314a74302d4737a3865d40ea50e430ce1543c921ba10f39d562e807cfe2edf2a",
                "sha256:36b60201b6d215d7658a71493fdf6bd5e60ad9a0cffed39906627ff9f4f3afd3",
                "sha256:3f9d532bce54c4234161176ff3b8688ff337575ca441ea27597e112dfcd0ee0c",
                "sha256:5d222983847b40af989ad96c07fc3f07e47925e463baa5de716be8f805b41d9b",
                "sha256:6757a6d2fc58f7d8f5d471ad180a0bd7b4dd3c7d681f051504fbea7ae29c8d6f",
                "sha256:6a0e0f1e74edb0ab57d89680e59e7bfefad2bfbdf7c80eb38304d897d43674bb",
                "sha256:6ca703ccdf734e886a1cf53eb702261110f6a8b0ed74bcad15f1399f74d3f189",
                "sha256:8513b953d8f443c446aa79a4cc8a898bd415fc5e29349054f03a7d696d495542",
                "sha256:9262a5ce2038570cb81b4d6413720484cb1bc52c064b2f36228d735b1f98b794",
                "sha256:97441f851d862a0c844d981cbee7ee62566c322ebb3d68f86d66aa99d483985b",
                "sha256:a07feade155eb8e69b54dd6774cf6acf2d936660c61d8123b8b6b1f9247b67d6",
                "sha256:a9b9c02c91b1e3ec1f1886b2d0a90a0ea07cc529cb7e6e472b556bc20ce658f3",
                "sha256:ae88216f94728d691b945983140bf40d51a1ff6c7fe57def93949bf9339ed54a",
                "sha256:b360ffd17659491f1a6ad7c928350e229c7b7bd83a2b922b6ee541245c7a776f",
                "sha256:b4221957ceccf14b2abdabef42d806e791350be10e21b260d7c9ce49012cc19e",
                "sha256:b90758e49d5e6b152a460d10b92f8a6ccf318fcc0ee814dcf53f3a6fc5328789",
                "sha256:c669ea986190ed05fb289d0c100cc88064351f2b85177cbfd3564c4f4847d18c",
                "sha256:d1b61999d15c79cf7f4f7cc9021477aef35277fc52452cf50fd13b713c84424d",
                "sha256:de7bb043d1adaaf46e38d47e7a5f703bb3dab01376111e522b07d25e1a79c1e1",
                "sha256:e393568e288d884b94d263f2669215197840d097c7e5b0acd1a51c1ea7d1aba8",
                "sha256:ed7e0849337bd37d89f2c2b0216a0de863399ee5d363d31b1e5330a99044737b",
                "sha256:f153f71c3164665d269a5d03c7fa76ba675c7a8de9dc09a4e2c2cdc9936a7b41",
                "sha256:f1fb5a8427af099beb7f65093cbdb52e021b8e6dbdfaf020402a623f4181baf5",
                "sha256:f36b333e9f86a2fba960c72b90c34be6ca71819e300f7b1fc3d2b0f0b2c546cd",
                "sha256:f4526d078aedd5187d0508aa5f9a01eae6a48a470ed678406da94b4cd6524b7e"
            ],
            "index": "pypi",
            "version": "==2.7.7"
        },
        "py": {
            "hashes": [
                "sha256:5e27081401262157467ad6e7f851b7aa402c5852dbcb3dae06768434de5752aa",
                "sha256:c20fdd83a5dbc0af9efd622bee9a5564e278f6380fffcacc43ba6f43db2813b0"
            ],
            "version": "==1.8.1"
        },
        "pycodestyle": {
            "hashes": [
                "sha256:cbc619d09254895b0d12c2c691e237b2e91e9b2ecf5e84c26b35400f93dcfb83",
                "sha256:cbfca99bd594a10f674d0cd97a3d802a1fdef635d4361e1a2658de47ed261e3a"
            ],
            "index": "pypi",
            "version": "==2.4.0"
        },
        "pygments": {
            "hashes": [
                "sha256:2a3fe295e54a20164a9df49c75fa58526d3be48e14aceba6d6b1e8ac0bfd6f1b",
                "sha256:98c8aa5a9f778fcd1026a17361ddaf7330d1b7c62ae97c3bb0ae73e0b9b6b0fe"
            ],
            "version": "==2.5.2"
        },
        "pyocr": {
            "hashes": [
                "sha256:b6ba6263fd92da56627dff6d263d991a2246aacd117d1788f11b93f419ca395f"
            ],
            "index": "pypi",
            "version": "==0.5.3"
        },
        "pyparsing": {
            "hashes": [
                "sha256:4c830582a84fb022400b85429791bc551f1f4871c33f23e44f353119e92f969f",
                "sha256:c342dccb5250c08d45fd6f8b4a559613ca603b57498511740e65cd11a2e7dcec"
            ],
            "version": "==2.4.6"
        },
        "pytest": {
            "hashes": [
                "sha256:41568ea7ecb4a68d7f63837cf65b92ce8d0105e43196ff2b26622995bb3dc4b2",
                "sha256:c3c573a29d7c9547fb90217ece8a8843aa0c1328a797e200290dc3d0b4b823be"
            ],
            "index": "pypi",
            "version": "==4.1.1"
        },
        "pytest-cov": {
            "hashes": [
                "sha256:0ab664b25c6aa9716cbf203b17ddb301932383046082c081b9848a0edf5add33",
                "sha256:230ef817450ab0699c6cc3c9c8f7a829c34674456f2ed8df1fe1d39780f7c87f"
            ],
            "index": "pypi",
            "version": "==2.6.1"
        },
        "pytest-django": {
            "hashes": [
                "sha256:1a5d33be930e3172fa238643a380414dc369fe8fa4b3c3de25e59ed142950736",
                "sha256:e88e471d3d0f9acfb6293bb03d0ee8a33ed978734e92ea6b5312163a6c9e87cc"
            ],
            "index": "pypi",
            "version": "==3.4.5"
        },
        "pytest-env": {
            "hashes": [
                "sha256:7e94956aef7f2764f3c147d216ce066bf6c42948bb9e293169b1b1c880a580c2"
            ],
            "index": "pypi",
            "version": "==0.6.2"
        },
        "pytest-forked": {
            "hashes": [
                "sha256:1805699ed9c9e60cb7a8179b8d4fa2b8898098e82d229b0825d8095f0f261100",
                "sha256:1ae25dba8ee2e56fb47311c9638f9e58552691da87e82d25b0ce0e4bf52b7d87"
            ],
            "version": "==1.1.3"
        },
        "pytest-sugar": {
            "hashes": [
                "sha256:26cf8289fe10880cbbc130bd77398c4e6a8b936d8393b116a5c16121d95ab283",
                "sha256:fcd87a74b2bce5386d244b49ad60549bfbc4602527797fac167da147983f58ab"
            ],
            "index": "pypi",
            "version": "==0.9.2"
        },
        "pytest-xdist": {
            "hashes": [
                "sha256:107e9db0ee30ead02ca93e7d6d4846675f1b2142234f0eb1cd4d76739cd9ae6f",
                "sha256:5795f665e112520fa5beab736ad957e7f36ce7d44210f4004be9d99f86529d97"
            ],
            "index": "pypi",
            "version": "==1.26.0"
        },
        "python-dateutil": {
            "hashes": [
                "sha256:063df5763652e21de43de7d9e00ccf239f953a832941e37be541614732cdfc93",
                "sha256:88f9287c0174266bb0d8cedd395cfba9c58e87e5ad86b2ce58859bc11be3cf02"
            ],
            "index": "pypi",
            "version": "==2.7.5"
        },
        "python-dotenv": {
            "hashes": [
                "sha256:a84569d0e00d178bc5b957f7ff208bf49287cbf61857c31c258c4a91f571527b",
                "sha256:c9b1ddd3cdbe75c7d462cb84674d87130f4b948f090f02c7d7144779afb99ae0"
            ],
            "index": "pypi",
            "version": "==0.10.1"
        },
        "python-gnupg": {
            "hashes": [
                "sha256:45daf020b370bda13a1429c859fcdff0b766c0576844211446f9266cae97fb0e",
                "sha256:85c231850a0275c9722f06e34b45a22510b83a6a6e88f93b5ae32ba04c95056c"
            ],
            "index": "pypi",
            "version": "==0.4.4"
        },
        "python-levenshtein": {
            "hashes": [
                "sha256:033a11de5e3d19ea25c9302d11224e1a1898fe5abd23c61c7c360c25195e3eb1"
            ],
            "version": "==0.12.0"
        },
        "pytz": {
            "hashes": [
                "sha256:32b0891edff07e28efe91284ed9c31e123d84bea3fd98e1f72be2508f43ef8d9",
                "sha256:d5f05e487007e29e03409f9398d074e158d920d36eb82eaf66fb1136b0c5374c"
            ],
            "index": "pypi",
            "version": "==2018.9"
        },
        "regex": {
            "hashes": [
                "sha256:07b39bf943d3d2fe63d46281d8504f8df0ff3fe4c57e13d1656737950e53e525",
                "sha256:0932941cdfb3afcbc26cc3bcf7c3f3d73d5a9b9c56955d432dbf8bbc147d4c5b",
                "sha256:0e182d2f097ea8549a249040922fa2b92ae28be4be4895933e369a525ba36576",
                "sha256:10671601ee06cf4dc1bc0b4805309040bb34c9af423c12c379c83d7895622bb5",
                "sha256:23e2c2c0ff50f44877f64780b815b8fd2e003cda9ce817a7fd00dea5600c84a0",
                "sha256:26ff99c980f53b3191d8931b199b29d6787c059f2e029b2b0c694343b1708c35",
                "sha256:27429b8d74ba683484a06b260b7bb00f312e7c757792628ea251afdbf1434003",
                "sha256:3e77409b678b21a056415da3a56abfd7c3ad03da71f3051bbcdb68cf44d3c34d",
                "sha256:4e8f02d3d72ca94efc8396f8036c0d3bcc812aefc28ec70f35bb888c74a25161",
                "sha256:4eae742636aec40cf7ab98171ab9400393360b97e8f9da67b1867a9ee0889b26",
                "sha256:6a6ae17bf8f2d82d1e8858a47757ce389b880083c4ff2498dba17c56e6c103b9",
                "sha256:6a6ba91b94427cd49cd27764679024b14a96874e0dc638ae6bdd4b1a3ce97be1",
                "sha256:7bcd322935377abcc79bfe5b63c44abd0b29387f267791d566bbb566edfdd146",
                "sha256:98b8ed7bb2155e2cbb8b76f627b2fd12cf4b22ab6e14873e8641f266e0fb6d8f",
                "sha256:bd25bb7980917e4e70ccccd7e3b5740614f1c408a642c245019cff9d7d1b6149",
                "sha256:d0f424328f9822b0323b3b6f2e4b9c90960b24743d220763c7f07071e0778351",
                "sha256:d58e4606da2a41659c84baeb3cfa2e4c87a74cec89a1e7c56bee4b956f9d7461",
                "sha256:e3cd21cc2840ca67de0bbe4071f79f031c81418deb544ceda93ad75ca1ee9f7b",
                "sha256:e6c02171d62ed6972ca8631f6f34fa3281d51db8b326ee397b9c83093a6b7242",
                "sha256:e7c7661f7276507bce416eaae22040fd91ca471b5b33c13f8ff21137ed6f248c",
                "sha256:ecc6de77df3ef68fee966bb8cb4e067e84d4d1f397d0ef6fce46913663540d77"
            ],
            "version": "==2020.1.8"
        },
        "requests": {
            "hashes": [
                "sha256:11e007a8a2aa0323f5a921e9e6a2d7e4e67d9877e85773fba9ba6419025cbeb4",
                "sha256:9cf5292fcd0f598c671cfc1e0d7d1a7f13bb8085e9a590f48c010551dc6c4b31"
            ],
            "version": "==2.22.0"
        },
        "six": {
            "hashes": [
                "sha256:236bdbdce46e6e6a3d61a337c0f8b763ca1e8717c03b369e87a7ec7ce1319c0a",
                "sha256:8f3cd2e254d8f793e7f3d6d9df77b92252b52637291d0f0da013c76ea2724b6c"
            ],
            "version": "==1.14.0"
        },
        "snowballstemmer": {
            "hashes": [
                "sha256:209f257d7533fdb3cb73bdbd24f436239ca3b2fa67d56f6ff88e86be08cc5ef0",
                "sha256:df3bac3df4c2c01363f3dd2cfa78cce2840a79b9f1c2d2de9ce8d31683992f52"
            ],
            "version": "==2.0.0"
        },
        "sphinx": {
            "hashes": [
                "sha256:429e3172466df289f0f742471d7e30ba3ee11f3b5aecd9a840480d03f14bcfe5",
                "sha256:c4cb17ba44acffae3d3209646b6baec1e215cad3065e852c68cc569d4df1b9f8"
            ],
            "index": "pypi",
            "version": "==1.8.3"
        },
        "sphinxcontrib-websupport": {
            "hashes": [
                "sha256:50fb98fcb8ff2a8869af2afa6b8ee51b3baeb0b17dacd72505105bf15d506ead",
                "sha256:bad3fbd312bc36a31841e06e7617471587ef642bdacdbdddaa8cc30cf251b5ea"
            ],
            "version": "==1.2.0"
        },
        "sqlparse": {
            "hashes": [
                "sha256:40afe6b8d4b1117e7dff5504d7a8ce07d9a1b15aeeade8a2d10f130a834f8177",
                "sha256:7c3dca29c022744e95b547e867cee89f4fce4373f3549ccd8797d8eb52cdb873"
            ],
            "version": "==0.3.0"
        },
        "termcolor": {
            "hashes": [
                "sha256:1d6d69ce66211143803fbc56652b41d73b4a400a2891d7bf7a1cdf4c02de613b"
            ],
            "version": "==1.1.0"
        },
        "text-unidecode": {
            "hashes": [
                "sha256:1311f10e8b895935241623731c2ba64f4c455287888b18189350b67134a822e8",
                "sha256:bad6603bb14d279193107714b288be206cac565dfa49aa5b105294dd5c4aab93"
            ],
            "version": "==1.3"
        },
        "toml": {
            "hashes": [
                "sha256:229f81c57791a41d65e399fc06bf0848bab550a9dfd5ed66df18ce5f05e73d5c",
                "sha256:235682dd292d5899d361a811df37e04a8828a5b1da3115886b73cf81ebc9100e"
            ],
            "version": "==0.10.0"
        },
        "tox": {
            "hashes": [
                "sha256:04f8f1aa05de8e76d7a266ccd14e0d665d429977cd42123bc38efa9b59964e9e",
                "sha256:25ef928babe88c71e3ed3af0c464d1160b01fca2dd1870a5bb26c2dea61a17fc"
            ],
            "index": "pypi",
            "version": "==3.7.0"
        },
        "tzlocal": {
            "hashes": [
                "sha256:11c9f16e0a633b4b60e1eede97d8a46340d042e67b670b290ca526576e039048",
                "sha256:949b9dd5ba4be17190a80c0268167d7e6c92c62b30026cf9764caf3e308e5590"
            ],
            "version": "==2.0.0"
        },
        "urllib3": {
            "hashes": [
                "sha256:2f3db8b19923a873b3e5256dc9c2dedfa883e33d87c690d9c7913e1f40673cdc",
                "sha256:87716c2d2a7121198ebcb7ce7cccf6ce5e9ba539041cfbaeecfb641dc0bf6acc"
            ],
            "version": "==1.25.8"
        },
        "virtualenv": {
            "hashes": [
                "sha256:7e4e234e1f27755685dc54063d989756790b0682d60e304db589fa1604938013",
                "sha256:e0099edd03c77e14a8ac9be62e45af28759984075d9409bb2c3a4edeb7420a23"
            ],
            "version": "==20.0.2"
        }
    },
    "develop": {
        "backcall": {
            "hashes": [
                "sha256:38ecd85be2c1e78f77fd91700c76e14667dc21e2713b63876c0eb901196e01e4",
                "sha256:bbbf4b1e5cd2bdb08f915895b51081c041bac22394fdfcfdfbe9f14b77c08bf2"
            ],
            "version": "==0.1.0"
        },
        "decorator": {
            "hashes": [
                "sha256:54c38050039232e1db4ad7375cfce6748d7b41c29e95a081c8a6d2c30364a2ce",
                "sha256:5d19b92a3c8f7f101c8dd86afd86b0f061a8ce4540ab8cd401fa2542756bce6d"
            ],
            "version": "==4.4.1"
        },
        "ipython": {
            "hashes": [
                "sha256:6a9496209b76463f1dec126ab928919aaf1f55b38beb9219af3fe202f6bbdd12",
                "sha256:f69932b1e806b38a7818d9a1e918e5821b685715040b48e59c657b3c7961b742"
            ],
            "index": "pypi",
            "version": "==7.2.0"
        },
        "ipython-genutils": {
            "hashes": [
                "sha256:72dd37233799e619666c9f639a9da83c34013a73e8bbc79a7a6348d93c61fab8",
                "sha256:eb2e116e75ecef9d4d228fdc66af54269afa26ab4463042e33785b887c628ba8"
            ],
            "version": "==0.2.0"
        },
        "jedi": {
            "hashes": [
                "sha256:b4f4052551025c6b0b0b193b29a6ff7bdb74c52450631206c262aef9f7159ad2",
                "sha256:d5c871cb9360b414f981e7072c52c33258d598305280fef91c6cae34739d65d5"
            ],
            "version": "==0.16.0"
        },
        "parso": {
            "hashes": [
                "sha256:56b2105a80e9c4df49de85e125feb6be69f49920e121406f15e7acde6c9dfc57",
                "sha256:951af01f61e6dccd04159042a0706a31ad437864ec6e25d0d7a96a9fbb9b0095"
            ],
            "version": "==0.6.1"
        },
        "pexpect": {
            "hashes": [
                "sha256:0b48a55dcb3c05f3329815901ea4fc1537514d6ba867a152b581d69ae3710937",
                "sha256:fc65a43959d153d0114afe13997d439c22823a27cefceb5ff35c2178c6784c0c"
            ],
            "markers": "sys_platform != 'win32'",
            "version": "==4.8.0"
        },
        "pickleshare": {
            "hashes": [
                "sha256:87683d47965c1da65cdacaf31c8441d12b8044cdec9aca500cd78fc2c683afca",
                "sha256:9649af414d74d4df115d5d718f82acb59c9d418196b7b4290ed47a12ce62df56"
            ],
            "version": "==0.7.5"
        },
        "prompt-toolkit": {
            "hashes": [
                "sha256:46642344ce457641f28fc9d1c9ca939b63dadf8df128b86f1b9860e59c73a5e4",
                "sha256:e7f8af9e3d70f514373bf41aa51bc33af12a6db3f71461ea47fea985defb2c31",
                "sha256:f15af68f66e664eaa559d4ac8a928111eebd5feda0c11738b5998045224829db"
            ],
            "version": "==2.0.10"
        },
        "ptyprocess": {
            "hashes": [
                "sha256:923f299cc5ad920c68f2bc0bc98b75b9f838b93b599941a6b63ddbc2476394c0",
                "sha256:d7cc528d76e76342423ca640335bd3633420dc1366f258cb31d05e865ef5ca1f"
            ],
            "version": "==0.6.0"
        },
        "pygments": {
            "hashes": [
                "sha256:2a3fe295e54a20164a9df49c75fa58526d3be48e14aceba6d6b1e8ac0bfd6f1b",
                "sha256:98c8aa5a9f778fcd1026a17361ddaf7330d1b7c62ae97c3bb0ae73e0b9b6b0fe"
            ],
            "version": "==2.5.2"
        },
        "six": {
            "hashes": [
                "sha256:236bdbdce46e6e6a3d61a337c0f8b763ca1e8717c03b369e87a7ec7ce1319c0a",
                "sha256:8f3cd2e254d8f793e7f3d6d9df77b92252b52637291d0f0da013c76ea2724b6c"
            ],
            "version": "==1.14.0"
        },
        "traitlets": {
            "hashes": [
                "sha256:70b4c6a1d9019d7b4f6846832288f86998aa3b9207c6821f3578a6a6a467fe44",
                "sha256:d023ee369ddd2763310e4c3eae1ff649689440d4ae59d7485eb4cfbbe3e359f7"
            ],
            "version": "==4.3.3"
        },
        "wcwidth": {
            "hashes": [
                "sha256:8fd29383f539be45b20bd4df0dc29c20ba48654a41e661925e612311e9f3c603",
                "sha256:f28b3e8a6483e5d49e7f8949ac1a78314e740333ae305b4ba5defd3e74fb37a8"
            ],
            "version": "==0.1.8"
        }
    }
}
